
Microsoft Visual Studio Solution File, Format Version 12.00
# Visual Studio Version 16
VisualStudioVersion = 16.0.31410.357
MinimumVisualStudioVersion = 10.0.40219.1
Project("{9A19103F-16F7-4668-BE54-9A1E7A4F7556}") = "GitWeb", "GitWeb\GitWeb.csproj", "{5FC43598-F5F5-4D29-9DF0-0528860D77F9}"
EndProject
Global
	GlobalSection(SolutionConfigurationPlatforms) = preSolution
		Debug|Any CPU = Debug|Any CPU
		Release|Any CPU = Release|Any CPU
	EndGlobalSection
	GlobalSection(ProjectConfigurationPlatforms) = postSolution
		{5FC43598-F5F5-4D29-9DF0-0528860D77F9}.Debug|Any CPU.ActiveCfg = Debug|Any CPU
		{5FC43598-F5F5-4D29-9DF0-0528860D77F9}.Debug|Any CPU.Build.0 = Debug|Any CPU
		{5FC43598-F5F5-4D29-9DF0-0528860D77F9}.Release|Any CPU.ActiveCfg = Release|Any CPU
		{5FC43598-F5F5-4D29-9DF0-0528860D77F9}.Release|Any CPU.Build.0 = Release|Any CPU
	EndGlobalSection
	GlobalSection(SolutionProperties) = preSolution
		HideSolutionNode = FALSE
	EndGlobalSection
	GlobalSection(ExtensibilityGlobals) = postSolution
		SolutionGuid = {FF718865-4FD3-44DA-B825-C1224F02D425}
	EndGlobalSection
EndGlobal
